
Microsoft Visual Studio Solution File, Format Version 12.00
# Visual Studio Version 17
VisualStudioVersion = 17.10.35201.131
MinimumVisualStudioVersion = 10.0.40219.1
Project("{9A19103F-16F7-4668-BE54-9A1E7A4F7556}") = "PingMon", "PingMon\PingMon.csproj", "{04365CA8-3F4B-4643-925D-2E04445E483D}"
EndProject
Project("{2150E333-8FDC-42A3-9474-1A3956D46DE8}") = "Solution Items", "Solution Items", "{7FE8CD14-EFF0-4038-B152-49BCE1529F9E}"
	ProjectSection(SolutionItems) = preProject
		readme.md = readme.md
		WindowsTerminal_GKhN6YCEpd.jpg = WindowsTerminal_GKhN6YCEpd.jpg
	EndProjectSection
EndProject
Project("{2150E333-8FDC-42A3-9474-1A3956D46DE8}") = "Binaries", "Binaries", "{7A6B46E0-5C8E-49FE-ABBC-17D2BF3F6FC1}"
	ProjectSection(SolutionItems) = preProject
		PingMon\bin\Release\net8.0\PingMon.deps.json = PingMon\bin\Release\net8.0\PingMon.deps.json
		PingMon\bin\Release\net8.0\PingMon.dll = PingMon\bin\Release\net8.0\PingMon.dll
		PingMon\bin\Release\net8.0\PingMon.exe = PingMon\bin\Release\net8.0\PingMon.exe
		PingMon\bin\Release\net8.0\PingMon.pdb = PingMon\bin\Release\net8.0\PingMon.pdb
		PingMon\bin\Release\net8.0\PingMon.runtimeconfig.json = PingMon\bin\Release\net8.0\PingMon.runtimeconfig.json
		PingMon\bin\Release\net8.0\Spectre.Console.dll = PingMon\bin\Release\net8.0\Spectre.Console.dll
	EndProjectSection
EndProject
Global
	GlobalSection(SolutionConfigurationPlatforms) = preSolution
		Debug|Any CPU = Debug|Any CPU
		Release|Any CPU = Release|Any CPU
	EndGlobalSection
	GlobalSection(ProjectConfigurationPlatforms) = postSolution
		{04365CA8-3F4B-4643-925D-2E04445E483D}.Debug|Any CPU.ActiveCfg = Debug|Any CPU
		{04365CA8-3F4B-4643-925D-2E04445E483D}.Debug|Any CPU.Build.0 = Debug|Any CPU
		{04365CA8-3F4B-4643-925D-2E04445E483D}.Release|Any CPU.ActiveCfg = Release|Any CPU
		{04365CA8-3F4B-4643-925D-2E04445E483D}.Release|Any CPU.Build.0 = Release|Any CPU
	EndGlobalSection
	GlobalSection(SolutionProperties) = preSolution
		HideSolutionNode = FALSE
	EndGlobalSection
	GlobalSection(NestedProjects) = preSolution
		{7A6B46E0-5C8E-49FE-ABBC-17D2BF3F6FC1} = {7FE8CD14-EFF0-4038-B152-49BCE1529F9E}
	EndGlobalSection
	GlobalSection(ExtensibilityGlobals) = postSolution
		SolutionGuid = {638F1DF1-C2CA-4851-AEB5-975C90AD85A6}
	EndGlobalSection
EndGlobal
